
Microsoft Visual Studio Solution File, Format Version 12.00
# Visual Studio 2013
VisualStudioVersion = 12.0.21005.1
MinimumVisualStudioVersion = 10.0.40219.1
Project("{8BC9CEB8-8B4A-11D0-8D11-00A0C91BC942}") = "BatteryManage", "BatteryManage\BatteryManage.vcxproj", "{9B30C426-4E27-4020-A287-E65A24F1A139}"
EndProject
Global
	GlobalSection(SolutionConfigurationPlatforms) = preSolution
		Debug|Win32 = Debug|Win32
		Release|Win32 = Release|Win32
	EndGlobalSection
	GlobalSection(ProjectConfigurationPlatforms) = postSolution
		{9B30C426-4E27-4020-A287-E65A24F1A139}.Debug|Win32.ActiveCfg = Debug|Win32
		{9B30C426-4E27-4020-A287-E65A24F1A139}.Debug|Win32.Build.0 = Debug|Win32
		{9B30C426-4E27-4020-A287-E65A24F1A139}.Release|Win32.ActiveCfg = Release|Win32
		{9B30C426-4E27-4020-A287-E65A24F1A139}.Release|Win32.Build.0 = Release|Win32
	EndGlobalSection
	GlobalSection(SolutionProperties) = preSolution
		HideSolutionNode = FALSE
	EndGlobalSection
EndGlobal
